
Microsoft Visual Studio Solution File, Format Version 12.00
Project("{FAE04EC0-301F-11D3-BF4B-00C04F79EFBC}") = "Lab1", "Lab1\Lab1.csproj", "{E20BC439-6771-4BD0-BB58-0526AB0B05A4}"
EndProject
Project("{FAE04EC0-301F-11D3-BF4B-00C04F79EFBC}") = "Lab2", "Lab2\Lab2.csproj", "{78D45CF2-E8DE-4F1F-A63B-41D87A979AE2}"
EndProject
Project("{FAE04EC0-301F-11D3-BF4B-00C04F79EFBC}") = "Lab3", "Lab3\Lab3.csproj", "{D3A65B60-EC9A-481E-9CE8-A3FC7C6ECFA5}"
EndProject
Project("{2150E333-8FDC-42A3-9474-1A3956D46DE8}") = "v1", "v1", "{FC403A39-27C1-4650-BEB1-071AEBF11263}"
EndProject
Project("{2150E333-8FDC-42A3-9474-1A3956D46DE8}") = "v2", "v2", "{DFF99399-D809-403D-85D0-FED1393A8DFF}"
EndProject
Project("{FAE04EC0-301F-11D3-BF4B-00C04F79EFBC}") = "lab1", "v2\lab1\lab1.csproj", "{F695086F-4348-4E51-91C0-FCA3B9048FE2}"
EndProject
Project("{FAE04EC0-301F-11D3-BF4B-00C04F79EFBC}") = "lab2", "v2\lab2\lab2.csproj", "{32B9EFA5-88E0-4011-B72B-F076DE61029E}"
EndProject
Project("{FAE04EC0-301F-11D3-BF4B-00C04F79EFBC}") = "lab3", "v2\lab3\lab3.csproj", "{B6FDC3AF-D91A-40EB-A266-EC754D550C5C}"
EndProject
Global
	GlobalSection(SolutionConfigurationPlatforms) = preSolution
		Debug|Any CPU = Debug|Any CPU
		Release|Any CPU = Release|Any CPU
	EndGlobalSection
	GlobalSection(ProjectConfigurationPlatforms) = postSolution
		{E20BC439-6771-4BD0-BB58-0526AB0B05A4}.Debug|Any CPU.ActiveCfg = Debug|Any CPU
		{E20BC439-6771-4BD0-BB58-0526AB0B05A4}.Debug|Any CPU.Build.0 = Debug|Any CPU
		{E20BC439-6771-4BD0-BB58-0526AB0B05A4}.Release|Any CPU.ActiveCfg = Release|Any CPU
		{E20BC439-6771-4BD0-BB58-0526AB0B05A4}.Release|Any CPU.Build.0 = Release|Any CPU
		{78D45CF2-E8DE-4F1F-A63B-41D87A979AE2}.Debug|Any CPU.ActiveCfg = Debug|Any CPU
		{78D45CF2-E8DE-4F1F-A63B-41D87A979AE2}.Debug|Any CPU.Build.0 = Debug|Any CPU
		{78D45CF2-E8DE-4F1F-A63B-41D87A979AE2}.Release|Any CPU.ActiveCfg = Release|Any CPU
		{78D45CF2-E8DE-4F1F-A63B-41D87A979AE2}.Release|Any CPU.Build.0 = Release|Any CPU
		{D3A65B60-EC9A-481E-9CE8-A3FC7C6ECFA5}.Debug|Any CPU.ActiveCfg = Debug|Any CPU
		{D3A65B60-EC9A-481E-9CE8-A3FC7C6ECFA5}.Debug|Any CPU.Build.0 = Debug|Any CPU
		{D3A65B60-EC9A-481E-9CE8-A3FC7C6ECFA5}.Release|Any CPU.ActiveCfg = Release|Any CPU
		{D3A65B60-EC9A-481E-9CE8-A3FC7C6ECFA5}.Release|Any CPU.Build.0 = Release|Any CPU
		{F695086F-4348-4E51-91C0-FCA3B9048FE2}.Debug|Any CPU.ActiveCfg = Debug|Any CPU
		{F695086F-4348-4E51-91C0-FCA3B9048FE2}.Debug|Any CPU.Build.0 = Debug|Any CPU
		{F695086F-4348-4E51-91C0-FCA3B9048FE2}.Release|Any CPU.ActiveCfg = Release|Any CPU
		{F695086F-4348-4E51-91C0-FCA3B9048FE2}.Release|Any CPU.Build.0 = Release|Any CPU
		{32B9EFA5-88E0-4011-B72B-F076DE61029E}.Debug|Any CPU.ActiveCfg = Debug|Any CPU
		{32B9EFA5-88E0-4011-B72B-F076DE61029E}.Debug|Any CPU.Build.0 = Debug|Any CPU
		{32B9EFA5-88E0-4011-B72B-F076DE61029E}.Release|Any CPU.ActiveCfg = Release|Any CPU
		{32B9EFA5-88E0-4011-B72B-F076DE61029E}.Release|Any CPU.Build.0 = Release|Any CPU
		{B6FDC3AF-D91A-40EB-A266-EC754D550C5C}.Debug|Any CPU.ActiveCfg = Debug|Any CPU
		{B6FDC3AF-D91A-40EB-A266-EC754D550C5C}.Debug|Any CPU.Build.0 = Debug|Any CPU
		{B6FDC3AF-D91A-40EB-A266-EC754D550C5C}.Release|Any CPU.ActiveCfg = Release|Any CPU
		{B6FDC3AF-D91A-40EB-A266-EC754D550C5C}.Release|Any CPU.Build.0 = Release|Any CPU
	EndGlobalSection
	GlobalSection(NestedProjects) = preSolution
		{E20BC439-6771-4BD0-BB58-0526AB0B05A4} = {FC403A39-27C1-4650-BEB1-071AEBF11263}
		{78D45CF2-E8DE-4F1F-A63B-41D87A979AE2} = {FC403A39-27C1-4650-BEB1-071AEBF11263}
		{D3A65B60-EC9A-481E-9CE8-A3FC7C6ECFA5} = {FC403A39-27C1-4650-BEB1-071AEBF11263}
		{F695086F-4348-4E51-91C0-FCA3B9048FE2} = {DFF99399-D809-403D-85D0-FED1393A8DFF}
		{32B9EFA5-88E0-4011-B72B-F076DE61029E} = {DFF99399-D809-403D-85D0-FED1393A8DFF}
		{B6FDC3AF-D91A-40EB-A266-EC754D550C5C} = {DFF99399-D809-403D-85D0-FED1393A8DFF}
	EndGlobalSection
EndGlobal
